
Microsoft Visual Studio Solution File, Format Version 12.00
# Visual Studio Version 17
VisualStudioVersion = 17.13.35931.197
MinimumVisualStudioVersion = 10.0.40219.1
Project("{2150E333-8FDC-42A3-9474-1A3956D46DE8}") = "src", "src", "{02EA681E-C7D8-13C7-8484-4AC65E1B71E8}"
EndProject
Project("{FAE04EC0-301F-11D3-BF4B-00C04F79EFBC}") = "FileCombiner", "src\FileCombiner\FileCombiner.csproj", "{843A3296-6398-B72C-2EF8-2D830A985BBD}"
EndProject
Project("{2150E333-8FDC-42A3-9474-1A3956D46DE8}") = "Tests", "Tests", "{83B78C10-48FC-40A1-886F-B9A217D493CE}"
EndProject
Project("{FAE04EC0-301F-11D3-BF4B-00C04F79EFBC}") = "FileCombiner.Tests", "Tests\FileCombiner.Tests\FileCombiner.Tests.csproj", "{2848A2F7-36F0-4674-9AD0-4C093F986AB1}"
EndProject
Project("{2150E333-8FDC-42A3-9474-1A3956D46DE8}") = "Solution Items", "Solution Items", "{393DD58A-6924-4A10-811D-C0EA7898DC0B}"
	ProjectSection(SolutionItems) = preProject
		.github\workflows\ci-cd.yml = .github\workflows\ci-cd.yml
	EndProjectSection
EndProject
Global
	GlobalSection(SolutionConfigurationPlatforms) = preSolution
		Debug|Any CPU = Debug|Any CPU
		Release|Any CPU = Release|Any CPU
	EndGlobalSection
	GlobalSection(ProjectConfigurationPlatforms) = postSolution
		{843A3296-6398-B72C-2EF8-2D830A985BBD}.Debug|Any CPU.ActiveCfg = Debug|Any CPU
		{843A3296-6398-B72C-2EF8-2D830A985BBD}.Debug|Any CPU.Build.0 = Debug|Any CPU
		{843A3296-6398-B72C-2EF8-2D830A985BBD}.Release|Any CPU.ActiveCfg = Release|Any CPU
		{843A3296-6398-B72C-2EF8-2D830A985BBD}.Release|Any CPU.Build.0 = Release|Any CPU
		{2848A2F7-36F0-4674-9AD0-4C093F986AB1}.Debug|Any CPU.ActiveCfg = Debug|Any CPU
		{2848A2F7-36F0-4674-9AD0-4C093F986AB1}.Debug|Any CPU.Build.0 = Debug|Any CPU
		{2848A2F7-36F0-4674-9AD0-4C093F986AB1}.Release|Any CPU.ActiveCfg = Release|Any CPU
		{2848A2F7-36F0-4674-9AD0-4C093F986AB1}.Release|Any CPU.Build.0 = Release|Any CPU
	EndGlobalSection
	GlobalSection(SolutionProperties) = preSolution
		HideSolutionNode = FALSE
	EndGlobalSection
	GlobalSection(NestedProjects) = preSolution
		{843A3296-6398-B72C-2EF8-2D830A985BBD} = {02EA681E-C7D8-13C7-8484-4AC65E1B71E8}
		{2848A2F7-36F0-4674-9AD0-4C093F986AB1} = {83B78C10-48FC-40A1-886F-B9A217D493CE}
	EndGlobalSection
	GlobalSection(ExtensibilityGlobals) = postSolution
		SolutionGuid = {1F4DD0F0-F160-4CCB-8445-EF499929772D}
	EndGlobalSection
EndGlobal
